
Microsoft Visual Studio Solution File, Format Version 12.00
# Visual Studio Version 17
VisualStudioVersion = 17.7.34202.233
MinimumVisualStudioVersion = 10.0.40219.1
Project("{FAE04EC0-301F-11D3-BF4B-00C04F79EFBC}") = "block_1", "block_1\block_1.csproj", "{B16AD596-2F87-4DDE-BAB6-83255C40A717}"
EndProject
Global
	GlobalSection(SolutionConfigurationPlatforms) = preSolution
		Debug|Any CPU = Debug|Any CPU
		Release|Any CPU = Release|Any CPU
	EndGlobalSection
	GlobalSection(ProjectConfigurationPlatforms) = postSolution
		{B16AD596-2F87-4DDE-BAB6-83255C40A717}.Debug|Any CPU.ActiveCfg = Debug|Any CPU
		{B16AD596-2F87-4DDE-BAB6-83255C40A717}.Debug|Any CPU.Build.0 = Debug|Any CPU
		{B16AD596-2F87-4DDE-BAB6-83255C40A717}.Release|Any CPU.ActiveCfg = Release|Any CPU
		{B16AD596-2F87-4DDE-BAB6-83255C40A717}.Release|Any CPU.Build.0 = Release|Any CPU
	EndGlobalSection
	GlobalSection(SolutionProperties) = preSolution
		HideSolutionNode = FALSE
	EndGlobalSection
	GlobalSection(ExtensibilityGlobals) = postSolution
		SolutionGuid = {4F6A74C4-57F4-4A95-AB4F-4545021ECE85}
	EndGlobalSection
EndGlobal
